
Microsoft Visual Studio Solution File, Format Version 12.00
# Visual Studio Version 16
VisualStudioVersion = 16.0.809.4
MinimumVisualStudioVersion = 10.0.40219.1
Project("{FAE04EC0-301F-11D3-BF4B-00C04F79EFBC}") = "MobileFinalProject.Android", "MobileFinalProject.Android\MobileFinalProject.Android.csproj", "{938F2BBE-7C01-4796-B981-1DF95A7F2B37}"
EndProject
Project("{FAE04EC0-301F-11D3-BF4B-00C04F79EFBC}") = "MobileFinalProject", "MobileFinalProject\MobileFinalProject.csproj", "{DE3877DA-9D55-4775-8DA3-BAFE40AF6669}"
EndProject
Global
	GlobalSection(SolutionConfigurationPlatforms) = preSolution
		Debug|Any CPU = Debug|Any CPU
		Release|Any CPU = Release|Any CPU
	EndGlobalSection
	GlobalSection(ProjectConfigurationPlatforms) = postSolution
		{938F2BBE-7C01-4796-B981-1DF95A7F2B37}.Debug|Any CPU.ActiveCfg = Debug|Any CPU
		{938F2BBE-7C01-4796-B981-1DF95A7F2B37}.Debug|Any CPU.Build.0 = Debug|Any CPU
		{938F2BBE-7C01-4796-B981-1DF95A7F2B37}.Release|Any CPU.ActiveCfg = Release|Any CPU
		{938F2BBE-7C01-4796-B981-1DF95A7F2B37}.Release|Any CPU.Build.0 = Release|Any CPU
		{DE3877DA-9D55-4775-8DA3-BAFE40AF6669}.Debug|Any CPU.ActiveCfg = Debug|Any CPU
		{DE3877DA-9D55-4775-8DA3-BAFE40AF6669}.Debug|Any CPU.Build.0 = Debug|Any CPU
		{DE3877DA-9D55-4775-8DA3-BAFE40AF6669}.Release|Any CPU.ActiveCfg = Release|Any CPU
		{DE3877DA-9D55-4775-8DA3-BAFE40AF6669}.Release|Any CPU.Build.0 = Release|Any CPU
	EndGlobalSection
	GlobalSection(SolutionProperties) = preSolution
		HideSolutionNode = FALSE
	EndGlobalSection
	GlobalSection(ExtensibilityGlobals) = postSolution
		SolutionGuid = {A7B43025-6DCE-4E1A-BFC2-3E7B3499F18B}
	EndGlobalSection
EndGlobal
